
Microsoft Visual Studio Solution File, Format Version 12.00
# Visual Studio Version 17
VisualStudioVersion = 17.6.33723.286
MinimumVisualStudioVersion = 10.0.40219.1
Project("{9A19103F-16F7-4668-BE54-9A1E7A4F7556}") = "ExampleOrder", "ExampleOrder\ExampleOrder.csproj", "{DAF0437D-8341-4A76-A5DC-CA04FD9A183D}"
EndProject
Project("{2150E333-8FDC-42A3-9474-1A3956D46DE8}") = "Solution Items", "Solution Items", "{972B6F85-9868-4005-B814-4DB9A534E36B}"
	ProjectSection(SolutionItems) = preProject
		.editorconfig = .editorconfig
	EndProjectSection
EndProject
Global
	GlobalSection(SolutionConfigurationPlatforms) = preSolution
		Debug|Any CPU = Debug|Any CPU
		Release|Any CPU = Release|Any CPU
	EndGlobalSection
	GlobalSection(ProjectConfigurationPlatforms) = postSolution
		{DAF0437D-8341-4A76-A5DC-CA04FD9A183D}.Debug|Any CPU.ActiveCfg = Debug|Any CPU
		{DAF0437D-8341-4A76-A5DC-CA04FD9A183D}.Debug|Any CPU.Build.0 = Debug|Any CPU
		{DAF0437D-8341-4A76-A5DC-CA04FD9A183D}.Release|Any CPU.ActiveCfg = Release|Any CPU
		{DAF0437D-8341-4A76-A5DC-CA04FD9A183D}.Release|Any CPU.Build.0 = Release|Any CPU
	EndGlobalSection
	GlobalSection(SolutionProperties) = preSolution
		HideSolutionNode = FALSE
	EndGlobalSection
	GlobalSection(ExtensibilityGlobals) = postSolution
		SolutionGuid = {725D0410-ECC6-442B-AE4C-FB752889B020}
	EndGlobalSection
EndGlobal
